
Microsoft Visual Studio Solution File, Format Version 12.00
# Visual Studio Version 17
VisualStudioVersion = 17.7.34003.232
MinimumVisualStudioVersion = 10.0.40219.1
Project("{FAE04EC0-301F-11D3-BF4B-00C04F79EFBC}") = "KKS_VROON", "KKS_VROON\KKS_VROON.csproj", "{CBF42E7F-4877-46C1-BF21-11C681056C72}"
EndProject
Global
	GlobalSection(SolutionConfigurationPlatforms) = preSolution
		Debug|Any CPU = Debug|Any CPU
		Release|Any CPU = Release|Any CPU
	EndGlobalSection
	GlobalSection(ProjectConfigurationPlatforms) = postSolution
		{CBF42E7F-4877-46C1-BF21-11C681056C72}.Debug|Any CPU.ActiveCfg = Debug|Any CPU
		{CBF42E7F-4877-46C1-BF21-11C681056C72}.Debug|Any CPU.Build.0 = Debug|Any CPU
		{CBF42E7F-4877-46C1-BF21-11C681056C72}.Release|Any CPU.ActiveCfg = Release|Any CPU
		{CBF42E7F-4877-46C1-BF21-11C681056C72}.Release|Any CPU.Build.0 = Release|Any CPU
	EndGlobalSection
	GlobalSection(SolutionProperties) = preSolution
		HideSolutionNode = FALSE
	EndGlobalSection
	GlobalSection(ExtensibilityGlobals) = postSolution
		SolutionGuid = {F1D59C00-8BCB-4994-A30D-1459E882B650}
	EndGlobalSection
EndGlobal
